
Microsoft Visual Studio Solution File, Format Version 12.00
# Visual Studio Version 17
VisualStudioVersion = 17.14.36511.14
MinimumVisualStudioVersion = 10.0.40219.1
Project("{FAE04EC0-301F-11D3-BF4B-00C04F79EFBC}") = "PAWProject.Api", "PAWProject.Api\PAWProject.Api.csproj", "{EA85786B-3C79-EDE9-0381-A46BAC8327F9}"
EndProject
Project("{FAE04EC0-301F-11D3-BF4B-00C04F79EFBC}") = "PAWProject.Architecture", "PAWProject.Architecture\PAWProject.Architecture.csproj", "{3B8AE6FB-6FB5-2D6F-E4AE-03458BE41C59}"
EndProject
Project("{FAE04EC0-301F-11D3-BF4B-00C04F79EFBC}") = "PAWProject.Core", "PAWProject.Core\PAWProject.Core.csproj", "{F648B76C-02AD-7E73-6969-40885A69B592}"
EndProject
Project("{FAE04EC0-301F-11D3-BF4B-00C04F79EFBC}") = "PAWProject.Models", "PAWProject.Models\PAWProject.Models.csproj", "{36CF17E8-D5BA-7030-1B21-56C023261917}"
EndProject
Project("{FAE04EC0-301F-11D3-BF4B-00C04F79EFBC}") = "PAWProject.Data", "PAWProject.Data\PAWProject.Data.csproj", "{84FF5E0B-4F5D-E39B-9781-BC6B27B45A80}"
EndProject
Project("{FAE04EC0-301F-11D3-BF4B-00C04F79EFBC}") = "PAWProject.Mvc", "PAWProject.Mvc\PAWProject.Mvc.csproj", "{F842A4A3-B095-409A-A0FC-15E542D1A894}"
EndProject
Global
	GlobalSection(SolutionConfigurationPlatforms) = preSolution
		Debug|Any CPU = Debug|Any CPU
		Release|Any CPU = Release|Any CPU
	EndGlobalSection
	GlobalSection(ProjectConfigurationPlatforms) = postSolution
		{EA85786B-3C79-EDE9-0381-A46BAC8327F9}.Debug|Any CPU.ActiveCfg = Debug|Any CPU
		{EA85786B-3C79-EDE9-0381-A46BAC8327F9}.Debug|Any CPU.Build.0 = Debug|Any CPU
		{EA85786B-3C79-EDE9-0381-A46BAC8327F9}.Release|Any CPU.ActiveCfg = Release|Any CPU
		{EA85786B-3C79-EDE9-0381-A46BAC8327F9}.Release|Any CPU.Build.0 = Release|Any CPU
		{3B8AE6FB-6FB5-2D6F-E4AE-03458BE41C59}.Debug|Any CPU.ActiveCfg = Debug|Any CPU
		{3B8AE6FB-6FB5-2D6F-E4AE-03458BE41C59}.Debug|Any CPU.Build.0 = Debug|Any CPU
		{3B8AE6FB-6FB5-2D6F-E4AE-03458BE41C59}.Release|Any CPU.ActiveCfg = Release|Any CPU
		{3B8AE6FB-6FB5-2D6F-E4AE-03458BE41C59}.Release|Any CPU.Build.0 = Release|Any CPU
		{F648B76C-02AD-7E73-6969-40885A69B592}.Debug|Any CPU.ActiveCfg = Debug|Any CPU
		{F648B76C-02AD-7E73-6969-40885A69B592}.Debug|Any CPU.Build.0 = Debug|Any CPU
		{F648B76C-02AD-7E73-6969-40885A69B592}.Release|Any CPU.ActiveCfg = Release|Any CPU
		{F648B76C-02AD-7E73-6969-40885A69B592}.Release|Any CPU.Build.0 = Release|Any CPU
		{36CF17E8-D5BA-7030-1B21-56C023261917}.Debug|Any CPU.ActiveCfg = Debug|Any CPU
		{36CF17E8-D5BA-7030-1B21-56C023261917}.Debug|Any CPU.Build.0 = Debug|Any CPU
		{36CF17E8-D5BA-7030-1B21-56C023261917}.Release|Any CPU.ActiveCfg = Release|Any CPU
		{36CF17E8-D5BA-7030-1B21-56C023261917}.Release|Any CPU.Build.0 = Release|Any CPU
		{84FF5E0B-4F5D-E39B-9781-BC6B27B45A80}.Debug|Any CPU.ActiveCfg = Debug|Any CPU
		{84FF5E0B-4F5D-E39B-9781-BC6B27B45A80}.Debug|Any CPU.Build.0 = Debug|Any CPU
		{84FF5E0B-4F5D-E39B-9781-BC6B27B45A80}.Release|Any CPU.ActiveCfg = Release|Any CPU
		{84FF5E0B-4F5D-E39B-9781-BC6B27B45A80}.Release|Any CPU.Build.0 = Release|Any CPU
		{F842A4A3-B095-409A-A0FC-15E542D1A894}.Debug|Any CPU.ActiveCfg = Debug|Any CPU
		{F842A4A3-B095-409A-A0FC-15E542D1A894}.Debug|Any CPU.Build.0 = Debug|Any CPU
		{F842A4A3-B095-409A-A0FC-15E542D1A894}.Release|Any CPU.ActiveCfg = Release|Any CPU
		{F842A4A3-B095-409A-A0FC-15E542D1A894}.Release|Any CPU.Build.0 = Release|Any CPU
	EndGlobalSection
	GlobalSection(SolutionProperties) = preSolution
		HideSolutionNode = FALSE
	EndGlobalSection
	GlobalSection(ExtensibilityGlobals) = postSolution
		SolutionGuid = {E6CD99A1-3FF8-4F3E-B8E8-E30A0DD74D8E}
	EndGlobalSection
EndGlobal
